
Microsoft Visual Studio Solution File, Format Version 12.00
# Visual Studio 15
VisualStudioVersion = 15.0.28307.572
MinimumVisualStudioVersion = 10.0.40219.1
Project("{9A19103F-16F7-4668-BE54-9A1E7A4F7556}") = "DeepCopy.Fody", "DeepCopy.Fody\DeepCopy.Fody.csproj", "{5119657D-E83E-410A-840D-3926E8A05C89}"
EndProject
Project("{9A19103F-16F7-4668-BE54-9A1E7A4F7556}") = "DeepCopy", "DeepCopy\DeepCopy.csproj", "{01544AA5-F19E-44F3-8D7C-3946EB9E6139}"
EndProject
Project("{9A19103F-16F7-4668-BE54-9A1E7A4F7556}") = "SmokeTest", "SmokeTest\SmokeTest.csproj", "{13DB5B6F-2A3F-4E8A-9510-10C16EFB48AD}"
EndProject
Project("{9A19103F-16F7-4668-BE54-9A1E7A4F7556}") = "AssemblyToProcess", "AssemblyToProcess\AssemblyToProcess.csproj", "{B7DB25B8-B204-4DF7-9873-C50CA3D768A1}"
EndProject
Project("{9A19103F-16F7-4668-BE54-9A1E7A4F7556}") = "Tests", "Tests\Tests.csproj", "{90BB679E-E1A0-4575-8733-696324755E79}"
EndProject
Global
	GlobalSection(SolutionConfigurationPlatforms) = preSolution
		Debug|Any CPU = Debug|Any CPU
		Release|Any CPU = Release|Any CPU
	EndGlobalSection
	GlobalSection(ProjectConfigurationPlatforms) = postSolution
		{B7DB25B8-B204-4DF7-9873-C50CA3D768A1}.Debug|Any CPU.ActiveCfg = Debug|Any CPU
		{B7DB25B8-B204-4DF7-9873-C50CA3D768A1}.Debug|Any CPU.Build.0 = Debug|Any CPU
		{B7DB25B8-B204-4DF7-9873-C50CA3D768A1}.Release|Any CPU.ActiveCfg = Release|Any CPU
		{B7DB25B8-B204-4DF7-9873-C50CA3D768A1}.Release|Any CPU.Build.0 = Release|Any CPU
		{01544AA5-F19E-44F3-8D7C-3946EB9E6139}.Debug|Any CPU.ActiveCfg = Debug|Any CPU
		{01544AA5-F19E-44F3-8D7C-3946EB9E6139}.Debug|Any CPU.Build.0 = Debug|Any CPU
		{01544AA5-F19E-44F3-8D7C-3946EB9E6139}.Release|Any CPU.ActiveCfg = Release|Any CPU
		{01544AA5-F19E-44F3-8D7C-3946EB9E6139}.Release|Any CPU.Build.0 = Release|Any CPU
		{5119657D-E83E-410A-840D-3926E8A05C89}.Debug|Any CPU.ActiveCfg = Debug|Any CPU
		{5119657D-E83E-410A-840D-3926E8A05C89}.Debug|Any CPU.Build.0 = Debug|Any CPU
		{5119657D-E83E-410A-840D-3926E8A05C89}.Release|Any CPU.ActiveCfg = Release|Any CPU
		{5119657D-E83E-410A-840D-3926E8A05C89}.Release|Any CPU.Build.0 = Release|Any CPU
		{13DB5B6F-2A3F-4E8A-9510-10C16EFB48AD}.Debug|Any CPU.ActiveCfg = Debug|Any CPU
		{13DB5B6F-2A3F-4E8A-9510-10C16EFB48AD}.Debug|Any CPU.Build.0 = Debug|Any CPU
		{13DB5B6F-2A3F-4E8A-9510-10C16EFB48AD}.Release|Any CPU.ActiveCfg = Release|Any CPU
		{13DB5B6F-2A3F-4E8A-9510-10C16EFB48AD}.Release|Any CPU.Build.0 = Release|Any CPU
		{90BB679E-E1A0-4575-8733-696324755E79}.Debug|Any CPU.ActiveCfg = Debug|Any CPU
		{90BB679E-E1A0-4575-8733-696324755E79}.Debug|Any CPU.Build.0 = Debug|Any CPU
		{90BB679E-E1A0-4575-8733-696324755E79}.Release|Any CPU.ActiveCfg = Release|Any CPU
		{90BB679E-E1A0-4575-8733-696324755E79}.Release|Any CPU.Build.0 = Release|Any CPU
	EndGlobalSection
	GlobalSection(SolutionProperties) = preSolution
		HideSolutionNode = FALSE
	EndGlobalSection
	GlobalSection(ExtensibilityGlobals) = postSolution
		SolutionGuid = {FF8B60C0-AED6-4CCD-9284-30BCFBDDD99C}
	EndGlobalSection
EndGlobal
